
Microsoft Visual Studio Solution File, Format Version 11.00
# Visual Studio 2010
Project("{FAE04EC0-301F-11D3-BF4B-00C04F79EFBC}") = "Nihongonomondai", "Nihongonomondai\Nihongonomondai.csproj", "{3D16DB71-6C89-4873-BB00-364FF80864F1}"
EndProject
Project("{FAE04EC0-301F-11D3-BF4B-00C04F79EFBC}") = "Utility", "Utility\Utility.csproj", "{12F8F869-0157-4A57-A8BD-E6B254CFEA2F}"
EndProject
Project("{FAE04EC0-301F-11D3-BF4B-00C04F79EFBC}") = "GUI", "GUI\GUI.csproj", "{BF3CE914-3C37-4E41-A5C3-F1B2FC0EDF31}"
EndProject
Global
	GlobalSection(SolutionConfigurationPlatforms) = preSolution
		Debug|Any CPU = Debug|Any CPU
		Debug|Mixed Platforms = Debug|Mixed Platforms
		Debug|x86 = Debug|x86
		Release|Any CPU = Release|Any CPU
		Release|Mixed Platforms = Release|Mixed Platforms
		Release|x86 = Release|x86
	EndGlobalSection
	GlobalSection(ProjectConfigurationPlatforms) = postSolution
		{3D16DB71-6C89-4873-BB00-364FF80864F1}.Debug|Any CPU.ActiveCfg = Debug|x86
		{3D16DB71-6C89-4873-BB00-364FF80864F1}.Debug|Mixed Platforms.ActiveCfg = Debug|x86
		{3D16DB71-6C89-4873-BB00-364FF80864F1}.Debug|Mixed Platforms.Build.0 = Debug|x86
		{3D16DB71-6C89-4873-BB00-364FF80864F1}.Debug|x86.ActiveCfg = Debug|x86
		{3D16DB71-6C89-4873-BB00-364FF80864F1}.Debug|x86.Build.0 = Debug|x86
		{3D16DB71-6C89-4873-BB00-364FF80864F1}.Release|Any CPU.ActiveCfg = Release|x86
		{3D16DB71-6C89-4873-BB00-364FF80864F1}.Release|Mixed Platforms.ActiveCfg = Release|x86
		{3D16DB71-6C89-4873-BB00-364FF80864F1}.Release|Mixed Platforms.Build.0 = Release|x86
		{3D16DB71-6C89-4873-BB00-364FF80864F1}.Release|x86.ActiveCfg = Release|x86
		{3D16DB71-6C89-4873-BB00-364FF80864F1}.Release|x86.Build.0 = Release|x86
		{12F8F869-0157-4A57-A8BD-E6B254CFEA2F}.Debug|Any CPU.ActiveCfg = Debug|Any CPU
		{12F8F869-0157-4A57-A8BD-E6B254CFEA2F}.Debug|Any CPU.Build.0 = Debug|Any CPU
		{12F8F869-0157-4A57-A8BD-E6B254CFEA2F}.Debug|Mixed Platforms.ActiveCfg = Debug|Any CPU
		{12F8F869-0157-4A57-A8BD-E6B254CFEA2F}.Debug|Mixed Platforms.Build.0 = Debug|Any CPU
		{12F8F869-0157-4A57-A8BD-E6B254CFEA2F}.Debug|x86.ActiveCfg = Debug|Any CPU
		{12F8F869-0157-4A57-A8BD-E6B254CFEA2F}.Release|Any CPU.ActiveCfg = Release|Any CPU
		{12F8F869-0157-4A57-A8BD-E6B254CFEA2F}.Release|Any CPU.Build.0 = Release|Any CPU
		{12F8F869-0157-4A57-A8BD-E6B254CFEA2F}.Release|Mixed Platforms.ActiveCfg = Release|Any CPU
		{12F8F869-0157-4A57-A8BD-E6B254CFEA2F}.Release|Mixed Platforms.Build.0 = Release|Any CPU
		{12F8F869-0157-4A57-A8BD-E6B254CFEA2F}.Release|x86.ActiveCfg = Release|Any CPU
		{BF3CE914-3C37-4E41-A5C3-F1B2FC0EDF31}.Debug|Any CPU.ActiveCfg = Debug|Any CPU
		{BF3CE914-3C37-4E41-A5C3-F1B2FC0EDF31}.Debug|Any CPU.Build.0 = Debug|Any CPU
		{BF3CE914-3C37-4E41-A5C3-F1B2FC0EDF31}.Debug|Mixed Platforms.ActiveCfg = Debug|Any CPU
		{BF3CE914-3C37-4E41-A5C3-F1B2FC0EDF31}.Debug|Mixed Platforms.Build.0 = Debug|Any CPU
		{BF3CE914-3C37-4E41-A5C3-F1B2FC0EDF31}.Debug|x86.ActiveCfg = Debug|Any CPU
		{BF3CE914-3C37-4E41-A5C3-F1B2FC0EDF31}.Release|Any CPU.ActiveCfg = Release|Any CPU
		{BF3CE914-3C37-4E41-A5C3-F1B2FC0EDF31}.Release|Any CPU.Build.0 = Release|Any CPU
		{BF3CE914-3C37-4E41-A5C3-F1B2FC0EDF31}.Release|Mixed Platforms.ActiveCfg = Release|Any CPU
		{BF3CE914-3C37-4E41-A5C3-F1B2FC0EDF31}.Release|Mixed Platforms.Build.0 = Release|Any CPU
		{BF3CE914-3C37-4E41-A5C3-F1B2FC0EDF31}.Release|x86.ActiveCfg = Release|Any CPU
	EndGlobalSection
	GlobalSection(SolutionProperties) = preSolution
		HideSolutionNode = FALSE
	EndGlobalSection
EndGlobal
